
Microsoft Visual Studio Solution File, Format Version 12.00
# Visual Studio Version 17
VisualStudioVersion = 17.11.35312.102
MinimumVisualStudioVersion = 10.0.40219.1
Project("{9A19103F-16F7-4668-BE54-9A1E7A4F7556}") = "P-2", "P-2.csproj", "{AC3A5B13-C27A-4473-901D-FC73D78F704D}"
EndProject
Global
	GlobalSection(SolutionConfigurationPlatforms) = preSolution
		Debug|Any CPU = Debug|Any CPU
		Release|Any CPU = Release|Any CPU
	EndGlobalSection
	GlobalSection(ProjectConfigurationPlatforms) = postSolution
		{AC3A5B13-C27A-4473-901D-FC73D78F704D}.Debug|Any CPU.ActiveCfg = Debug|Any CPU
		{AC3A5B13-C27A-4473-901D-FC73D78F704D}.Debug|Any CPU.Build.0 = Debug|Any CPU
		{AC3A5B13-C27A-4473-901D-FC73D78F704D}.Release|Any CPU.ActiveCfg = Release|Any CPU
		{AC3A5B13-C27A-4473-901D-FC73D78F704D}.Release|Any CPU.Build.0 = Release|Any CPU
	EndGlobalSection
	GlobalSection(SolutionProperties) = preSolution
		HideSolutionNode = FALSE
	EndGlobalSection
	GlobalSection(ExtensibilityGlobals) = postSolution
		SolutionGuid = {D59103D2-6721-4A93-A89C-8DB798E780BC}
	EndGlobalSection
EndGlobal
